PODS:
  - AWSCognito (2.4.3):
    - AWSCore (= 2.4.3)
  - AWSCore (2.4.3)
  - AWSDynamoDB (2.4.3):
    - AWSCore (= 2.4.3)
  - AWSLambda (2.4.3):
    - AWSCore (= 2.4.3)
  - AWSMobileAnalytics (2.4.3):
    - AWSCore (= 2.4.3)
  - AWSS3 (2.4.3):
    - AWSCore (= 2.4.3)
  - Bolts (1.7.0):
    - Bolts/AppLinks (= 1.7.0)
    - Bolts/Tasks (= 1.7.0)
  - Bolts/AppLinks (1.7.0):
    - Bolts/Tasks
  - Bolts/Tasks (1.7.0)
  - FBSDKCoreKit (4.12.0):
    - Bolts (~> 1.7)
  - FBSDKLoginKit (4.12.0):
    - FBSDKCoreKit
  - FBSDKShareKit (4.12.0):
    - FBSDKCoreKit
  - Realm (1.0.0):
    - Realm/Headers (= 1.0.0)
  - Realm/Headers (1.0.0)
  - RealmSwift (1.0.0):
    - Realm (= 1.0.0)

DEPENDENCIES:
  - AWSCognito
  - AWSCore
  - AWSDynamoDB
  - AWSLambda
  - AWSMobileAnalytics
  - AWSS3
  - FBSDKCoreKit
  - FBSDKLoginKit
  - FBSDKShareKit
  - RealmSwift

SPEC CHECKSUMS:
  AWSCognito: 9a83fcecccd8b9efaa82fec7722ee2a4c723b0fe
  AWSCore: 1b1edbf65f948804c9d522f1c49e29f51f72c6d8
  AWSDynamoDB: 50d4c3abc823f93b0cdc16ca5041996b9294d057
  AWSLambda: 26951192989fc68625134e4d856e23fede7cd755
  AWSMobileAnalytics: 0242c2d0206dcf2231dbd0f62e15f0c61675d023
  AWSS3: 82159813c72679e1a049e9d0be40ad73ffdb2982
  Bolts: a0058fa3b331c5a1e4402d534f2dae36dbff31e4
  FBSDKCoreKit: 6e56d5a2a64a755ad4efb5dbeee8f82fb1b99775
  FBSDKLoginKit: 03f68a8d48c2c8bb81d7eb8097973d483543e1f6
  FBSDKShareKit: df1491f064cffc8ebcc3fc8b71be94cc190c728e
  Realm: e15cd8e7c11d3e576f628ba0b7cb855269b4991c
  RealmSwift: 3229306d020d96f83b335f87a0dcbf2cef0e6a2b

COCOAPODS: 0.39.0
